
Microsoft Visual Studio Solution File, Format Version 12.00
# Visual Studio Version 17
VisualStudioVersion = 17.7.34003.232
MinimumVisualStudioVersion = 10.0.40219.1
Project("{9A19103F-16F7-4668-BE54-9A1E7A4F7556}") = "FeiragroWeb", "FeiragroWeb\FeiragroWeb.csproj", "{DF2360A2-3EBC-415D-A3BF-9FC71B4ACEE7}"
EndProject
Project("{FAE04EC0-301F-11D3-BF4B-00C04F79EFBC}") = "Core", "Core\Core.csproj", "{EDC30FFA-DA7C-4585-9182-E92CED7BB6B7}"
EndProject
Global
	GlobalSection(SolutionConfigurationPlatforms) = preSolution
		Debug|Any CPU = Debug|Any CPU
		Release|Any CPU = Release|Any CPU
	EndGlobalSection
	GlobalSection(ProjectConfigurationPlatforms) = postSolution
		{DF2360A2-3EBC-415D-A3BF-9FC71B4ACEE7}.Debug|Any CPU.ActiveCfg = Debug|Any CPU
		{DF2360A2-3EBC-415D-A3BF-9FC71B4ACEE7}.Debug|Any CPU.Build.0 = Debug|Any CPU
		{DF2360A2-3EBC-415D-A3BF-9FC71B4ACEE7}.Release|Any CPU.ActiveCfg = Release|Any CPU
		{DF2360A2-3EBC-415D-A3BF-9FC71B4ACEE7}.Release|Any CPU.Build.0 = Release|Any CPU
		{EDC30FFA-DA7C-4585-9182-E92CED7BB6B7}.Debug|Any CPU.ActiveCfg = Debug|Any CPU
		{EDC30FFA-DA7C-4585-9182-E92CED7BB6B7}.Debug|Any CPU.Build.0 = Debug|Any CPU
		{EDC30FFA-DA7C-4585-9182-E92CED7BB6B7}.Release|Any CPU.ActiveCfg = Release|Any CPU
		{EDC30FFA-DA7C-4585-9182-E92CED7BB6B7}.Release|Any CPU.Build.0 = Release|Any CPU
	EndGlobalSection
	GlobalSection(SolutionProperties) = preSolution
		HideSolutionNode = FALSE
	EndGlobalSection
	GlobalSection(ExtensibilityGlobals) = postSolution
		SolutionGuid = {EB22DB70-BE6D-4B6A-A588-B968C831084B}
	EndGlobalSection
EndGlobal
